
Microsoft Visual Studio Solution File, Format Version 12.00
# Visual Studio Version 17
VisualStudioVersion = 17.5.33516.290
MinimumVisualStudioVersion = 10.0.40219.1
Project("{8BC9CEB8-8B4A-11D0-8D11-00A0C91BC942}") = "sudoku", "sudoku.vcxproj", "{F3CB0A16-A4B1-457D-A1FE-44DB22F0EF71}"
EndProject
Project("{8BC9CEB8-8B4A-11D0-8D11-00A0C91BC942}") = "SudokuTest", "..\SudokuTest\SudokuTest.vcxproj", "{AA5FE1C2-9180-4BCB-9AA2-A5B99714167C}"
EndProject
Global
	GlobalSection(SolutionConfigurationPlatforms) = preSolution
		Debug|x64 = Debug|x64
		Debug|x86 = Debug|x86
		Release|x64 = Release|x64
		Release|x86 = Release|x86
	EndGlobalSection
	GlobalSection(ProjectConfigurationPlatforms) = postSolution
		{F3CB0A16-A4B1-457D-A1FE-44DB22F0EF71}.Debug|x64.ActiveCfg = Debug|x64
		{F3CB0A16-A4B1-457D-A1FE-44DB22F0EF71}.Debug|x64.Build.0 = Debug|x64
		{F3CB0A16-A4B1-457D-A1FE-44DB22F0EF71}.Debug|x86.ActiveCfg = Debug|Win32
		{F3CB0A16-A4B1-457D-A1FE-44DB22F0EF71}.Debug|x86.Build.0 = Debug|Win32
		{F3CB0A16-A4B1-457D-A1FE-44DB22F0EF71}.Release|x64.ActiveCfg = Release|x64
		{F3CB0A16-A4B1-457D-A1FE-44DB22F0EF71}.Release|x64.Build.0 = Release|x64
		{F3CB0A16-A4B1-457D-A1FE-44DB22F0EF71}.Release|x86.ActiveCfg = Release|Win32
		{F3CB0A16-A4B1-457D-A1FE-44DB22F0EF71}.Release|x86.Build.0 = Release|Win32
		{AA5FE1C2-9180-4BCB-9AA2-A5B99714167C}.Debug|x64.ActiveCfg = Debug|x64
		{AA5FE1C2-9180-4BCB-9AA2-A5B99714167C}.Debug|x64.Build.0 = Debug|x64
		{AA5FE1C2-9180-4BCB-9AA2-A5B99714167C}.Debug|x86.ActiveCfg = Debug|Win32
		{AA5FE1C2-9180-4BCB-9AA2-A5B99714167C}.Debug|x86.Build.0 = Debug|Win32
		{AA5FE1C2-9180-4BCB-9AA2-A5B99714167C}.Release|x64.ActiveCfg = Release|x64
		{AA5FE1C2-9180-4BCB-9AA2-A5B99714167C}.Release|x64.Build.0 = Release|x64
		{AA5FE1C2-9180-4BCB-9AA2-A5B99714167C}.Release|x86.ActiveCfg = Release|Win32
		{AA5FE1C2-9180-4BCB-9AA2-A5B99714167C}.Release|x86.Build.0 = Release|Win32
	EndGlobalSection
	GlobalSection(SolutionProperties) = preSolution
		HideSolutionNode = FALSE
	EndGlobalSection
	GlobalSection(ExtensibilityGlobals) = postSolution
		SolutionGuid = {0CBFB1D9-BB17-4BD5-9460-95C38DC7C159}
	EndGlobalSection
EndGlobal
